// !$*UTF8*$!
{
	archiveVersion = 1;
	classes = {
	};
	objectVersion = 46;
	objects = {

/* Begin PBXBuildFile section */
		6013F1811CE953680053F75F /* Macros.swift in Sources */ = {isa = PBXBuildFile; fileRef = 6013F1801CE953680053F75F /* Macros.swift */; };
		6013F1831CE9563F0053F75F /* ScreenAdapter.swift in Sources */ = {isa = PBXBuildFile; fileRef = 6013F1821CE9563F0053F75F /* ScreenAdapter.swift */; };
		6013F1851CE95C170053F75F /* UIView+Extension.swift in Sources */ = {isa = PBXBuildFile; fileRef = 6013F1841CE95C170053F75F /* UIView+Extension.swift */; };
		6013F1871CE95F060053F75F /* UIWindow+Extension.swift in Sources */ = {isa = PBXBuildFile; fileRef = 6013F1861CE95F060053F75F /* UIWindow+Extension.swift */; };
		6013F1891CE95FA80053F75F /* UIColor+Extension.swift in Sources */ = {isa = PBXBuildFile; fileRef = 6013F1881CE95FA80053F75F /* UIColor+Extension.swift */; };
		6013F18F1CE9633A0053F75F /* ModelType.swift in Sources */ = {isa = PBXBuildFile; fileRef = 6013F18E1CE9633A0053F75F /* ModelType.swift */; };
		6013F1911CE963840053F75F /* DataModelType.swift in Sources */ = {isa = PBXBuildFile; fileRef = 6013F1901CE963840053F75F /* DataModelType.swift */; };
		6013F1931CE963D00053F75F /* ServiceType.swift in Sources */ = {isa = PBXBuildFile; fileRef = 6013F1921CE963D00053F75F /* ServiceType.swift */; };
		6013F19E1CE964070053F75F /* Alamofire.framework in Frameworks */ = {isa = PBXBuildFile; fileRef = 6013F1941CE964070053F75F /* Alamofire.framework */; };
		6013F19F1CE964070053F75F /* Aspects.framework in Frameworks */ = {isa = PBXBuildFile; fileRef = 6013F1951CE964070053F75F /* Aspects.framework */; };
		6013F1A01CE964070053F75F /* Async.framework in Frameworks */ = {isa = PBXBuildFile; fileRef = 6013F1961CE964070053F75F /* Async.framework */; };
		6013F1A11CE964070053F75F /* Device.framework in Frameworks */ = {isa = PBXBuildFile; fileRef = 6013F1971CE964070053F75F /* Device.framework */; };
		6013F1A21CE964070053F75F /* Kingfisher.framework in Frameworks */ = {isa = PBXBuildFile; fileRef = 6013F1981CE964070053F75F /* Kingfisher.framework */; };
		6013F1A31CE964070053F75F /* MJRefresh.framework in Frameworks */ = {isa = PBXBuildFile; fileRef = 6013F1991CE964070053F75F /* MJRefresh.framework */; };
		6013F1A41CE964070053F75F /* ReactiveCocoa.framework in Frameworks */ = {isa = PBXBuildFile; fileRef = 6013F19A1CE964070053F75F /* ReactiveCocoa.framework */; };
		6013F1A51CE964070053F75F /* Result.framework in Frameworks */ = {isa = PBXBuildFile; fileRef = 6013F19B1CE964070053F75F /* Result.framework */; };
		6013F1A61CE964070053F75F /* SnapKit.framework in Frameworks */ = {isa = PBXBuildFile; fileRef = 6013F19C1CE964070053F75F /* SnapKit.framework */; };
		6013F1A71CE964070053F75F /* SwiftyJSON.framework in Frameworks */ = {isa = PBXBuildFile; fileRef = 6013F19D1CE964070053F75F /* SwiftyJSON.framework */; };
		6013F1AB1CE9653B0053F75F /* ViewModelType.swift in Sources */ = {isa = PBXBuildFile; fileRef = 6013F1AA1CE9653B0053F75F /* ViewModelType.swift */; };
		6013F1AD1CE965840053F75F /* DataModel.swift in Sources */ = {isa = PBXBuildFile; fileRef = 6013F1AC1CE965840053F75F /* DataModel.swift */; };
		6013F1AF1CE965A90053F75F /* Model.swift in Sources */ = {isa = PBXBuildFile; fileRef = 6013F1AE1CE965A90053F75F /* Model.swift */; };
		6013F1B11CE965E00053F75F /* Service.swift in Sources */ = {isa = PBXBuildFile; fileRef = 6013F1B01CE965E00053F75F /* Service.swift */; };
		6013F1B31CE967DA0053F75F /* ViewModel.swift in Sources */ = {isa = PBXBuildFile; fileRef = 6013F1B21CE967DA0053F75F /* ViewModel.swift */; };
		6013F1B51CE968860053F75F /* NullableValue.swift in Sources */ = {isa = PBXBuildFile; fileRef = 6013F1B41CE968860053F75F /* NullableValue.swift */; };
		6013F1B71CE969280053F75F /* ViewController.swift in Sources */ = {isa = PBXBuildFile; fileRef = 6013F1B61CE969280053F75F /* ViewController.swift */; };
		6013F1B91CE969850053F75F /* View.swift in Sources */ = {isa = PBXBuildFile; fileRef = 6013F1B81CE969850053F75F /* View.swift */; };
		6013F1BC1CE96ACB0053F75F /* NetworkService.swift in Sources */ = {isa = PBXBuildFile; fileRef = 6013F1BB1CE96ACB0053F75F /* NetworkService.swift */; };
		6013F1BE1CE96AD40053F75F /* NetworkServiceImpl.swift in Sources */ = {isa = PBXBuildFile; fileRef = 6013F1BD1CE96AD40053F75F /* NetworkServiceImpl.swift */; };
		603EE3181CE96D910092ED3F /* HomeController.swift in Sources */ = {isa = PBXBuildFile; fileRef = 603EE3171CE96D910092ED3F /* HomeController.swift */; };
		603EE31A1CE96DF30092ED3F /* HomeService.swift in Sources */ = {isa = PBXBuildFile; fileRef = 603EE3191CE96DF30092ED3F /* HomeService.swift */; };
		603EE31C1CE96EA20092ED3F /* HomeViewModel.swift in Sources */ = {isa = PBXBuildFile; fileRef = 603EE31B1CE96EA20092ED3F /* HomeViewModel.swift */; };
		603EE31E1CE96F810092ED3F /* HomeDataModel.swift in Sources */ = {isa = PBXBuildFile; fileRef = 603EE31D1CE96F810092ED3F /* HomeDataModel.swift */; };
		603EE3201CE971E80092ED3F /* HomeView.swift in Sources */ = {isa = PBXBuildFile; fileRef = 603EE31F1CE971E80092ED3F /* HomeView.swift */; };
		603EE3221CE9722C0092ED3F /* TabBarController.swift in Sources */ = {isa = PBXBuildFile; fileRef = 603EE3211CE9722C0092ED3F /* TabBarController.swift */; };
		603EE3241CE9724E0092ED3F /* NavigationController.swift in Sources */ = {isa = PBXBuildFile; fileRef = 603EE3231CE9724E0092ED3F /* NavigationController.swift */; };
		60834B8B1CE41A7500B60AB2 /* GorillaProgramTests.swift in Sources */ = {isa = PBXBuildFile; fileRef = 60834B8A1CE41A7500B60AB2 /* GorillaProgramTests.swift */; };
		60834B961CE41A7500B60AB2 /* GorillaProgramUITests.swift in Sources */ = {isa = PBXBuildFile; fileRef = 60834B951CE41A7500B60AB2 /* GorillaProgramUITests.swift */; };
		608867CB1CE5CA7000B2F55C /* Assets.xcassets in Resources */ = {isa = PBXBuildFile; fileRef = 608867C61CE5CA7000B2F55C /* Assets.xcassets */; };
		608867CC1CE5CA7000B2F55C /* LaunchScreen.storyboard in Resources */ = {isa = PBXBuildFile; fileRef = 608867C71CE5CA7000B2F55C /* LaunchScreen.storyboard */; };
		6088687C1CE5D45600B2F55C /* AppDelegate.swift in Sources */ = {isa = PBXBuildFile; fileRef = 6088686C1CE5D45600B2F55C /* AppDelegate.swift */; };
		B44644DBC19CB437820BC5AC /* Pods_GorillaProgram.framework in Frameworks */ = {isa = PBXBuildFile; fileRef = 5075779357778FEACD276C34 /* Pods_GorillaProgram.framework */; };
/* End PBXBuildFile section */

/* Begin PBXContainerItemProxy section */
		60834B871CE41A7500B60AB2 /* PBXContainerItemProxy */ = {
			isa = PBXContainerItemProxy;
			containerPortal = 60834B6A1CE41A7500B60AB2 /* Project object */;
			proxyType = 1;
			remoteGlobalIDString = 60834B711CE41A7500B60AB2;
			remoteInfo = GorillaProgram;
		};
		60834B921CE41A7500B60AB2 /* PBXContainerItemProxy */ = {
			isa = PBXContainerItemProxy;
			containerPortal = 60834B6A1CE41A7500B60AB2 /* Project object */;
			proxyType = 1;
			remoteGlobalIDString = 60834B711CE41A7500B60AB2;
			remoteInfo = GorillaProgram;
		};
/* End PBXContainerItemProxy section */

/* Begin PBXFileReference section */
		5075779357778FEACD276C34 /* Pods_GorillaProgram.framework */ = {isa = PBXFileReference; explicitFileType = wrapper.framework; includeInIndex = 0; path = Pods_GorillaProgram.framework; sourceTree = BUILT_PRODUCTS_DIR; };
		5637F5346A193DDA3AC087CD /* Pods-GorillaProgram.debug.xcconfig */ = {isa = PBXFileReference; includeInIndex = 1; lastKnownFileType = text.xcconfig; name = "Pods-GorillaProgram.debug.xcconfig"; path = "Pods/Target Support Files/Pods-GorillaProgram/Pods-GorillaProgram.debug.xcconfig"; sourceTree = "<group>"; };
		6013F1801CE953680053F75F /* Macros.swift */ = {isa = PBXFileReference; fileEncoding = 4; lastKnownFileType = sourcecode.swift; path = Macros.swift; sourceTree = "<group>"; };
		6013F1821CE9563F0053F75F /* ScreenAdapter.swift */ = {isa = PBXFileReference; fileEncoding = 4; lastKnownFileType = sourcecode.swift; path = ScreenAdapter.swift; sourceTree = "<group>"; };
		6013F1841CE95C170053F75F /* UIView+Extension.swift */ = {isa = PBXFileReference; fileEncoding = 4; lastKnownFileType = sourcecode.swift; path = "UIView+Extension.swift"; sourceTree = "<group>"; };
		6013F1861CE95F060053F75F /* UIWindow+Extension.swift */ = {isa = PBXFileReference; fileEncoding = 4; lastKnownFileType = sourcecode.swift; path = "UIWindow+Extension.swift"; sourceTree = "<group>"; };
		6013F1881CE95FA80053F75F /* UIColor+Extension.swift */ = {isa = PBXFileReference; fileEncoding = 4; lastKnownFileType = sourcecode.swift; path = "UIColor+Extension.swift"; sourceTree = "<group>"; };
		6013F18E1CE9633A0053F75F /* ModelType.swift */ = {isa = PBXFileReference; fileEncoding = 4; lastKnownFileType = sourcecode.swift; path = ModelType.swift; sourceTree = "<group>"; };
		6013F1901CE963840053F75F /* DataModelType.swift */ = {isa = PBXFileReference; fileEncoding = 4; lastKnownFileType = sourcecode.swift; path = DataModelType.swift; sourceTree = "<group>"; };
		6013F1921CE963D00053F75F /* ServiceType.swift */ = {isa = PBXFileReference; fileEncoding = 4; lastKnownFileType = sourcecode.swift; path = ServiceType.swift; sourceTree = "<group>"; };
		6013F1941CE964070053F75F /* Alamofire.framework */ = {isa = PBXFileReference; lastKnownFileType = wrapper.framework; name = Alamofire.framework; path = "../../../../../../Library/Developer/Xcode/DerivedData/GorillaProgram-elewsjusfuhzprfxmlxprupohkdh/Build/Products/Debug-iphonesimulator/Alamofire/Alamofire.framework"; sourceTree = "<group>"; };
		6013F1951CE964070053F75F /* Aspects.framework */ = {isa = PBXFileReference; lastKnownFileType = wrapper.framework; name = Aspects.framework; path = "../../../../../../Library/Developer/Xcode/DerivedData/GorillaProgram-elewsjusfuhzprfxmlxprupohkdh/Build/Products/Debug-iphonesimulator/Aspects/Aspects.framework"; sourceTree = "<group>"; };
		6013F1961CE964070053F75F /* Async.framework */ = {isa = PBXFileReference; lastKnownFileType = wrapper.framework; name = Async.framework; path = "../../../../../../Library/Developer/Xcode/DerivedData/GorillaProgram-elewsjusfuhzprfxmlxprupohkdh/Build/Products/Debug-iphonesimulator/AsyncSwift/Async.framework"; sourceTree = "<group>"; };
		6013F1971CE964070053F75F /* Device.framework */ = {isa = PBXFileReference; lastKnownFileType = wrapper.framework; name = Device.framework; path = "../../../../../../Library/Developer/Xcode/DerivedData/GorillaProgram-elewsjusfuhzprfxmlxprupohkdh/Build/Products/Debug-iphonesimulator/Device/Device.framework"; sourceTree = "<group>"; };
		6013F1981CE964070053F75F /* Kingfisher.framework */ = {isa = PBXFileReference; lastKnownFileType = wrapper.framework; name = Kingfisher.framework; path = "../../../../../../Library/Developer/Xcode/DerivedData/GorillaProgram-elewsjusfuhzprfxmlxprupohkdh/Build/Products/Debug-iphonesimulator/Kingfisher/Kingfisher.framework"; sourceTree = "<group>"; };
		6013F1991CE964070053F75F /* MJRefresh.framework */ = {isa = PBXFileReference; lastKnownFileType = wrapper.framework; name = MJRefresh.framework; path = "../../../../../../Library/Developer/Xcode/DerivedData/GorillaProgram-elewsjusfuhzprfxmlxprupohkdh/Build/Products/Debug-iphonesimulator/MJRefresh/MJRefresh.framework"; sourceTree = "<group>"; };
		6013F19A1CE964070053F75F /* ReactiveCocoa.framework */ = {isa = PBXFileReference; lastKnownFileType = wrapper.framework; name = ReactiveCocoa.framework; path = "../../../../../../Library/Developer/Xcode/DerivedData/GorillaProgram-elewsjusfuhzprfxmlxprupohkdh/Build/Products/Debug-iphonesimulator/ReactiveCocoa/ReactiveCocoa.framework"; sourceTree = "<group>"; };
		6013F19B1CE964070053F75F /* Result.framework */ = {isa = PBXFileReference; lastKnownFileType = wrapper.framework; name = Result.framework; path = "../../../../../../Library/Developer/Xcode/DerivedData/GorillaProgram-elewsjusfuhzprfxmlxprupohkdh/Build/Products/Debug-iphonesimulator/Result/Result.framework"; sourceTree = "<group>"; };
		6013F19C1CE964070053F75F /* SnapKit.framework */ = {isa = PBXFileReference; lastKnownFileType = wrapper.framework; name = SnapKit.framework; path = "../../../../../../Library/Developer/Xcode/DerivedData/GorillaProgram-elewsjusfuhzprfxmlxprupohkdh/Build/Products/Debug-iphonesimulator/SnapKit/SnapKit.framework"; sourceTree = "<group>"; };
		6013F19D1CE964070053F75F /* SwiftyJSON.framework */ = {isa = PBXFileReference; lastKnownFileType = wrapper.framework; name = SwiftyJSON.framework; path = "../../../../../../Library/Developer/Xcode/DerivedData/GorillaProgram-elewsjusfuhzprfxmlxprupohkdh/Build/Products/Debug-iphonesimulator/SwiftyJSON/SwiftyJSON.framework"; sourceTree = "<group>"; };
		6013F1AA1CE9653B0053F75F /* ViewModelType.swift */ = {isa = PBXFileReference; fileEncoding = 4; lastKnownFileType = sourcecode.swift; path = ViewModelType.swift; sourceTree = "<group>"; };
		6013F1AC1CE965840053F75F /* DataModel.swift */ = {isa = PBXFileReference; fileEncoding = 4; lastKnownFileType = sourcecode.swift; path = DataModel.swift; sourceTree = "<group>"; };
		6013F1AE1CE965A90053F75F /* Model.swift */ = {isa = PBXFileReference; fileEncoding = 4; lastKnownFileType = sourcecode.swift; path = Model.swift; sourceTree = "<group>"; };
		6013F1B01CE965E00053F75F /* Service.swift */ = {isa = PBXFileReference; fileEncoding = 4; lastKnownFileType = sourcecode.swift; path = Service.swift; sourceTree = "<group>"; };
		6013F1B21CE967DA0053F75F /* ViewModel.swift */ = {isa = PBXFileReference; fileEncoding = 4; lastKnownFileType = sourcecode.swift; path = ViewModel.swift; sourceTree = "<group>"; };
		6013F1B41CE968860053F75F /* NullableValue.swift */ = {isa = PBXFileReference; fileEncoding = 4; lastKnownFileType = sourcecode.swift; path = NullableValue.swift; sourceTree = "<group>"; };
		6013F1B61CE969280053F75F /* ViewController.swift */ = {isa = PBXFileReference; fileEncoding = 4; lastKnownFileType = sourcecode.swift; path = ViewController.swift; sourceTree = "<group>"; };
		6013F1B81CE969850053F75F /* View.swift */ = {isa = PBXFileReference; fileEncoding = 4; lastKnownFileType = sourcecode.swift; path = View.swift; sourceTree = "<group>"; };
		6013F1BB1CE96ACB0053F75F /* NetworkService.swift */ = {isa = PBXFileReference; fileEncoding = 4; lastKnownFileType = sourcecode.swift; path = NetworkService.swift; sourceTree = "<group>"; };
		6013F1BD1CE96AD40053F75F /* NetworkServiceImpl.swift */ = {isa = PBXFileReference; fileEncoding = 4; lastKnownFileType = sourcecode.swift; path = NetworkServiceImpl.swift; sourceTree = "<group>"; };
		603EE3171CE96D910092ED3F /* HomeController.swift */ = {isa = PBXFileReference; fileEncoding = 4; lastKnownFileType = sourcecode.swift; path = HomeController.swift; sourceTree = "<group>"; };
		603EE3191CE96DF30092ED3F /* HomeService.swift */ = {isa = PBXFileReference; fileEncoding = 4; lastKnownFileType = sourcecode.swift; path = HomeService.swift; sourceTree = "<group>"; };
		603EE31B1CE96EA20092ED3F /* HomeViewModel.swift */ = {isa = PBXFileReference; fileEncoding = 4; lastKnownFileType = sourcecode.swift; path = HomeViewModel.swift; sourceTree = "<group>"; };
		603EE31D1CE96F810092ED3F /* HomeDataModel.swift */ = {isa = PBXFileReference; fileEncoding = 4; lastKnownFileType = sourcecode.swift; path = HomeDataModel.swift; sourceTree = "<group>"; };
		603EE31F1CE971E80092ED3F /* HomeView.swift */ = {isa = PBXFileReference; fileEncoding = 4; lastKnownFileType = sourcecode.swift; path = HomeView.swift; sourceTree = "<group>"; };
		603EE3211CE9722C0092ED3F /* TabBarController.swift */ = {isa = PBXFileReference; fileEncoding = 4; lastKnownFileType = sourcecode.swift; path = TabBarController.swift; sourceTree = "<group>"; };
		603EE3231CE9724E0092ED3F /* NavigationController.swift */ = {isa = PBXFileReference; fileEncoding = 4; lastKnownFileType = sourcecode.swift; path = NavigationController.swift; sourceTree = "<group>"; };
		60834B721CE41A7500B60AB2 /* GorillaProgram.app */ = {isa = PBXFileReference; explicitFileType = wrapper.application; includeInIndex = 0; path = GorillaProgram.app; sourceTree = BUILT_PRODUCTS_DIR; };
		60834B811CE41A7500B60AB2 /* Info.plist */ = {isa = PBXFileReference; lastKnownFileType = text.plist.xml; path = Info.plist; sourceTree = "<group>"; };
		60834B861CE41A7500B60AB2 /* GorillaProgramTests.xctest */ = {isa = PBXFileReference; explicitFileType = wrapper.cfbundle; includeInIndex = 0; path = GorillaProgramTests.xctest; sourceTree = BUILT_PRODUCTS_DIR; };
		60834B8A1CE41A7500B60AB2 /* GorillaProgramTests.swift */ = {isa = PBXFileReference; lastKnownFileType = sourcecode.swift; path = GorillaProgramTests.swift; sourceTree = "<group>"; };
		60834B8C1CE41A7500B60AB2 /* Info.plist */ = {isa = PBXFileReference; lastKnownFileType = text.plist.xml; path = Info.plist; sourceTree = "<group>"; };
		60834B911CE41A7500B60AB2 /* GorillaProgramUITests.xctest */ = {isa = PBXFileReference; explicitFileType = wrapper.cfbundle; includeInIndex = 0; path = GorillaProgramUITests.xctest; sourceTree = BUILT_PRODUCTS_DIR; };
		60834B951CE41A7500B60AB2 /* GorillaProgramUITests.swift */ = {isa = PBXFileReference; lastKnownFileType = sourcecode.swift; path = GorillaProgramUITests.swift; sourceTree = "<group>"; };
		60834B971CE41A7500B60AB2 /* Info.plist */ = {isa = PBXFileReference; lastKnownFileType = text.plist.xml; path = Info.plist; sourceTree = "<group>"; };
		608867C61CE5CA7000B2F55C /* Assets.xcassets */ = {isa = PBXFileReference; lastKnownFileType = folder.assetcatalog; path = Assets.xcassets; sourceTree = "<group>"; };
		608867C81CE5CA7000B2F55C /* Base */ = {isa = PBXFileReference; lastKnownFileType = file.storyboard; name = Base; path = Base.lproj/LaunchScreen.storyboard; sourceTree = "<group>"; };
		6088686C1CE5D45600B2F55C /* AppDelegate.swift */ = {isa = PBXFileReference; fileEncoding = 4; lastKnownFileType = sourcecode.swift; path = AppDelegate.swift; sourceTree = "<group>"; };
		8BBB65F0B8DE1FC2F7F96F07 /* Pods-GorillaProgram.release.xcconfig */ = {isa = PBXFileReference; includeInIndex = 1; lastKnownFileType = text.xcconfig; name = "Pods-GorillaProgram.release.xcconfig"; path = "Pods/Target Support Files/Pods-GorillaProgram/Pods-GorillaProgram.release.xcconfig"; sourceTree = "<group>"; };
/* End PBXFileReference section */

/* Begin PBXFrameworksBuildPhase section */
		60834B6F1CE41A7500B60AB2 /* Frameworks */ = {
			isa = PBXFrameworksBuildPhase;
			buildActionMask = 2147483647;
			files = (
				6013F19E1CE964070053F75F /* Alamofire.framework in Frameworks */,
				6013F19F1CE964070053F75F /* Aspects.framework in Frameworks */,
				6013F1A01CE964070053F75F /* Async.framework in Frameworks */,
				6013F1A11CE964070053F75F /* Device.framework in Frameworks */,
				6013F1A21CE964070053F75F /* Kingfisher.framework in Frameworks */,
				6013F1A31CE964070053F75F /* MJRefresh.framework in Frameworks */,
				6013F1A41CE964070053F75F /* ReactiveCocoa.framework in Frameworks */,
				6013F1A51CE964070053F75F /* Result.framework in Frameworks */,
				6013F1A61CE964070053F75F /* SnapKit.framework in Frameworks */,
				6013F1A71CE964070053F75F /* SwiftyJSON.framework in Frameworks */,
				B44644DBC19CB437820BC5AC /* Pods_GorillaProgram.framework in Frameworks */,
			);
			runOnlyForDeploymentPostprocessing = 0;
		};
		60834B831CE41A7500B60AB2 /* Frameworks */ = {
			isa = PBXFrameworksBuildPhase;
			buildActionMask = 2147483647;
			files = (
			);
			runOnlyForDeploymentPostprocessing = 0;
		};
		60834B8E1CE41A7500B60AB2 /* Frameworks */ = {
			isa = PBXFrameworksBuildPhase;
			buildActionMask = 2147483647;
			files = (
			);
			runOnlyForDeploymentPostprocessing = 0;
		};
/* End PBXFrameworksBuildPhase section */

/* Begin PBXGroup section */
		5FA04875D6884A4B94F6DF56 /* Pods */ = {
			isa = PBXGroup;
			children = (
				5637F5346A193DDA3AC087CD /* Pods-GorillaProgram.debug.xcconfig */,
				8BBB65F0B8DE1FC2F7F96F07 /* Pods-GorillaProgram.release.xcconfig */,
			);
			name = Pods;
			sourceTree = "<group>";
		};
		6013F18A1CE9630E0053F75F /* Framework */ = {
			isa = PBXGroup;
			children = (
				6013F18B1CE9630E0053F75F /* Base */,
				6013F18C1CE9630E0053F75F /* Nullable */,
				6013F1BA1CE96ACB0053F75F /* Network */,
				6013F18D1CE9630E0053F75F /* Permission */,
				6013F1901CE963840053F75F /* DataModelType.swift */,
				6013F18E1CE9633A0053F75F /* ModelType.swift */,
				6013F1921CE963D00053F75F /* ServiceType.swift */,
				6013F1AA1CE9653B0053F75F /* ViewModelType.swift */,
			);
			path = Framework;
			sourceTree = "<group>";
		};
		6013F18B1CE9630E0053F75F /* Base */ = {
			isa = PBXGroup;
			children = (
				6013F1AC1CE965840053F75F /* DataModel.swift */,
				6013F1AE1CE965A90053F75F /* Model.swift */,
				6013F1B01CE965E00053F75F /* Service.swift */,
				6013F1B21CE967DA0053F75F /* ViewModel.swift */,
				6013F1B61CE969280053F75F /* ViewController.swift */,
				6013F1B81CE969850053F75F /* View.swift */,
			);
			path = Base;
			sourceTree = "<group>";
		};
		6013F18C1CE9630E0053F75F /* Nullable */ = {
			isa = PBXGroup;
			children = (
				6013F1B41CE968860053F75F /* NullableValue.swift */,
			);
			path = Nullable;
			sourceTree = "<group>";
		};
		6013F18D1CE9630E0053F75F /* Permission */ = {
			isa = PBXGroup;
			children = (
			);
			path = Permission;
			sourceTree = "<group>";
		};
		6013F1BA1CE96ACB0053F75F /* Network */ = {
			isa = PBXGroup;
			children = (
				6013F1BB1CE96ACB0053F75F /* NetworkService.swift */,
				6013F1BD1CE96AD40053F75F /* NetworkServiceImpl.swift */,
			);
			path = Network;
			sourceTree = "<group>";
		};
		60834B691CE41A7500B60AB2 = {
			isa = PBXGroup;
			children = (
				60834B741CE41A7500B60AB2 /* GorillaProgram */,
				60834B891CE41A7500B60AB2 /* GorillaProgramTests */,
				60834B941CE41A7500B60AB2 /* GorillaProgramUITests */,
				60834B731CE41A7500B60AB2 /* Products */,
				5FA04875D6884A4B94F6DF56 /* Pods */,
				D73C4DE4DB2E0ED1FA7FC1AC /* Frameworks */,
			);
			sourceTree = "<group>";
		};
		60834B731CE41A7500B60AB2 /* Products */ = {
			isa = PBXGroup;
			children = (
				60834B721CE41A7500B60AB2 /* GorillaProgram.app */,
				60834B861CE41A7500B60AB2 /* GorillaProgramTests.xctest */,
				60834B911CE41A7500B60AB2 /* GorillaProgramUITests.xctest */,
			);
			name = Products;
			sourceTree = "<group>";
		};
		60834B741CE41A7500B60AB2 /* GorillaProgram */ = {
			isa = PBXGroup;
			children = (
				608868581CE5D45600B2F55C /* Classes */,
				608867C51CE5CA7000B2F55C /* Resource */,
				60834B811CE41A7500B60AB2 /* Info.plist */,
			);
			path = GorillaProgram;
			sourceTree = "<group>";
		};
		60834B891CE41A7500B60AB2 /* GorillaProgramTests */ = {
			isa = PBXGroup;
			children = (
				60834B8A1CE41A7500B60AB2 /* GorillaProgramTests.swift */,
				60834B8C1CE41A7500B60AB2 /* Info.plist */,
			);
			path = GorillaProgramTests;
			sourceTree = "<group>";
		};
		60834B941CE41A7500B60AB2 /* GorillaProgramUITests */ = {
			isa = PBXGroup;
			children = (
				60834B951CE41A7500B60AB2 /* GorillaProgramUITests.swift */,
				60834B971CE41A7500B60AB2 /* Info.plist */,
			);
			path = GorillaProgramUITests;
			sourceTree = "<group>";
		};
		608867C51CE5CA7000B2F55C /* Resource */ = {
			isa = PBXGroup;
			children = (
				608867C61CE5CA7000B2F55C /* Assets.xcassets */,
				608867C71CE5CA7000B2F55C /* LaunchScreen.storyboard */,
			);
			path = Resource;
			sourceTree = "<group>";
		};
		608868581CE5D45600B2F55C /* Classes */ = {
			isa = PBXGroup;
			children = (
				6013F18A1CE9630E0053F75F /* Framework */,
				608868591CE5D45600B2F55C /* Home */,
				608868601CE5D45600B2F55C /* Main */,
				608868751CE5D45600B2F55C /* Test */,
			);
			path = Classes;
			sourceTree = "<group>";
		};
		608868591CE5D45600B2F55C /* Home */ = {
			isa = PBXGroup;
			children = (
				6088685A1CE5D45600B2F55C /* Controller */,
				6088685B1CE5D45600B2F55C /* Model */,
				6088685D1CE5D45600B2F55C /* Service */,
				6088685E1CE5D45600B2F55C /* View */,
				6088685F1CE5D45600B2F55C /* ViewModel */,
			);
			path = Home;
			sourceTree = "<group>";
		};
		6088685A1CE5D45600B2F55C /* Controller */ = {
			isa = PBXGroup;
			children = (
				603EE3171CE96D910092ED3F /* HomeController.swift */,
			);
			path = Controller;
			sourceTree = "<group>";
		};
		6088685B1CE5D45600B2F55C /* Model */ = {
			isa = PBXGroup;
			children = (
				6088685C1CE5D45600B2F55C /* DataModel */,
			);
			path = Model;
			sourceTree = "<group>";
		};
		6088685C1CE5D45600B2F55C /* DataModel */ = {
			isa = PBXGroup;
			children = (
				603EE31D1CE96F810092ED3F /* HomeDataModel.swift */,
			);
			path = DataModel;
			sourceTree = "<group>";
		};
		6088685D1CE5D45600B2F55C /* Service */ = {
			isa = PBXGroup;
			children = (
				603EE3191CE96DF30092ED3F /* HomeService.swift */,
			);
			path = Service;
			sourceTree = "<group>";
		};
		6088685E1CE5D45600B2F55C /* View */ = {
			isa = PBXGroup;
			children = (
				603EE31F1CE971E80092ED3F /* HomeView.swift */,
			);
			path = View;
			sourceTree = "<group>";
		};
		6088685F1CE5D45600B2F55C /* ViewModel */ = {
			isa = PBXGroup;
			children = (
				603EE31B1CE96EA20092ED3F /* HomeViewModel.swift */,
			);
			path = ViewModel;
			sourceTree = "<group>";
		};
		608868601CE5D45600B2F55C /* Main */ = {
			isa = PBXGroup;
			children = (
				608868611CE5D45600B2F55C /* Constant */,
				608868621CE5D45600B2F55C /* Controller */,
				608868641CE5D45600B2F55C /* Extension */,
				608868651CE5D45600B2F55C /* Lib */,
				608868681CE5D45600B2F55C /* Model */,
				6088686B1CE5D45600B2F55C /* Other */,
				6088686D1CE5D45600B2F55C /* Service */,
				6088686F1CE5D45600B2F55C /* Utils */,
				608868701CE5D45600B2F55C /* View */,
				608868721CE5D45600B2F55C /* ViewModel */,
			);
			path = Main;
			sourceTree = "<group>";
		};
		608868611CE5D45600B2F55C /* Constant */ = {
			isa = PBXGroup;
			children = (
				6013F1801CE953680053F75F /* Macros.swift */,
				6013F1821CE9563F0053F75F /* ScreenAdapter.swift */,
			);
			path = Constant;
			sourceTree = "<group>";
		};
		608868621CE5D45600B2F55C /* Controller */ = {
			isa = PBXGroup;
			children = (
				603EE3211CE9722C0092ED3F /* TabBarController.swift */,
				603EE3231CE9724E0092ED3F /* NavigationController.swift */,
			);
			path = Controller;
			sourceTree = "<group>";
		};
		608868641CE5D45600B2F55C /* Extension */ = {
			isa = PBXGroup;
			children = (
				6013F1841CE95C170053F75F /* UIView+Extension.swift */,
				6013F1861CE95F060053F75F /* UIWindow+Extension.swift */,
				6013F1881CE95FA80053F75F /* UIColor+Extension.swift */,
			);
			path = Extension;
			sourceTree = "<group>";
		};
		608868651CE5D45600B2F55C /* Lib */ = {
			isa = PBXGroup;
			children = (
				608868661CE5D45600B2F55C /* JsonParser */,
				608868671CE5D45600B2F55C /* Networking */,
			);
			path = Lib;
			sourceTree = "<group>";
		};
		608868661CE5D45600B2F55C /* JsonParser */ = {
			isa = PBXGroup;
			children = (
			);
			path = JsonParser;
			sourceTree = "<group>";
		};
		608868671CE5D45600B2F55C /* Networking */ = {
			isa = PBXGroup;
			children = (
			);
			path = Networking;
			sourceTree = "<group>";
		};
		608868681CE5D45600B2F55C /* Model */ = {
			isa = PBXGroup;
			children = (
				608868691CE5D45600B2F55C /* DataModel */,
				6088686A1CE5D45600B2F55C /* Protocol */,
			);
			path = Model;
			sourceTree = "<group>";
		};
		608868691CE5D45600B2F55C /* DataModel */ = {
			isa = PBXGroup;
			children = (
			);
			path = DataModel;
			sourceTree = "<group>";
		};
		6088686A1CE5D45600B2F55C /* Protocol */ = {
			isa = PBXGroup;
			children = (
			);
			path = Protocol;
			sourceTree = "<group>";
		};
		6088686B1CE5D45600B2F55C /* Other */ = {
			isa = PBXGroup;
			children = (
				6088686C1CE5D45600B2F55C /* AppDelegate.swift */,
			);
			path = Other;
			sourceTree = "<group>";
		};
		6088686D1CE5D45600B2F55C /* Service */ = {
			isa = PBXGroup;
			children = (
			);
			path = Service;
			sourceTree = "<group>";
		};
		6088686F1CE5D45600B2F55C /* Utils */ = {
			isa = PBXGroup;
			children = (
			);
			path = Utils;
			sourceTree = "<group>";
		};
		608868701CE5D45600B2F55C /* View */ = {
			isa = PBXGroup;
			children = (
				608868711CE5D45600B2F55C /* Generator */,
			);
			path = View;
			sourceTree = "<group>";
		};
		608868711CE5D45600B2F55C /* Generator */ = {
			isa = PBXGroup;
			children = (
			);
			path = Generator;
			sourceTree = "<group>";
		};
		608868721CE5D45600B2F55C /* ViewModel */ = {
			isa = PBXGroup;
			children = (
				608868731CE5D45600B2F55C /* Generator */,
			);
			path = ViewModel;
			sourceTree = "<group>";
		};
		608868731CE5D45600B2F55C /* Generator */ = {
			isa = PBXGroup;
			children = (
			);
			path = Generator;
			sourceTree = "<group>";
		};
		608868751CE5D45600B2F55C /* Test */ = {
			isa = PBXGroup;
			children = (
			);
			path = Test;
			sourceTree = "<group>";
		};
		D73C4DE4DB2E0ED1FA7FC1AC /* Frameworks */ = {
			isa = PBXGroup;
			children = (
				6013F1941CE964070053F75F /* Alamofire.framework */,
				6013F1951CE964070053F75F /* Aspects.framework */,
				6013F1961CE964070053F75F /* Async.framework */,
				6013F1971CE964070053F75F /* Device.framework */,
				6013F1981CE964070053F75F /* Kingfisher.framework */,
				6013F1991CE964070053F75F /* MJRefresh.framework */,
				6013F19A1CE964070053F75F /* ReactiveCocoa.framework */,
				6013F19B1CE964070053F75F /* Result.framework */,
				6013F19C1CE964070053F75F /* SnapKit.framework */,
				6013F19D1CE964070053F75F /* SwiftyJSON.framework */,
				5075779357778FEACD276C34 /* Pods_GorillaProgram.framework */,
			);
			name = Frameworks;
			sourceTree = "<group>";
		};
/* End PBXGroup section */

/* Begin PBXNativeTarget section */
		60834B711CE41A7500B60AB2 /* GorillaProgram */ = {
			isa = PBXNativeTarget;
			buildConfigurationList = 60834B9A1CE41A7500B60AB2 /* Build configuration list for PBXNativeTarget "GorillaProgram" */;
			buildPhases = (
				A0D62CB09489E2C48A704D4B /* 📦 Check Pods Manifest.lock */,
				60834B6E1CE41A7500B60AB2 /* Sources */,
				60834B6F1CE41A7500B60AB2 /* Frameworks */,
				60834B701CE41A7500B60AB2 /* Resources */,
				7ED781905FFED1974E43A9A6 /* 📦 Embed Pods Frameworks */,
				911EE7116CA1E1D5A3FD106C /* 📦 Copy Pods Resources */,
			);
			buildRules = (
			);
			dependencies = (
			);
			name = GorillaProgram;
			productName = GorillaProgram;
			productReference = 60834B721CE41A7500B60AB2 /* GorillaProgram.app */;
			productType = "com.apple.product-type.application";
		};
		60834B851CE41A7500B60AB2 /* GorillaProgramTests */ = {
			isa = PBXNativeTarget;
			buildConfigurationList = 60834B9D1CE41A7500B60AB2 /* Build configuration list for PBXNativeTarget "GorillaProgramTests" */;
			buildPhases = (
				60834B821CE41A7500B60AB2 /* Sources */,
				60834B831CE41A7500B60AB2 /* Frameworks */,
				60834B841CE41A7500B60AB2 /* Resources */,
			);
			buildRules = (
			);
			dependencies = (
				60834B881CE41A7500B60AB2 /* PBXTargetDependency */,
			);
			name = GorillaProgramTests;
			productName = GorillaProgramTests;
			productReference = 60834B861CE41A7500B60AB2 /* GorillaProgramTests.xctest */;
			productType = "com.apple.product-type.bundle.unit-test";
		};
		60834B901CE41A7500B60AB2 /* GorillaProgramUITests */ = {
			isa = PBXNativeTarget;
			buildConfigurationList = 60834BA01CE41A7500B60AB2 /* Build configuration list for PBXNativeTarget "GorillaProgramUITests" */;
			buildPhases = (
				60834B8D1CE41A7500B60AB2 /* Sources */,
				60834B8E1CE41A7500B60AB2 /* Frameworks */,
				60834B8F1CE41A7500B60AB2 /* Resources */,
			);
			buildRules = (
			);
			dependencies = (
				60834B931CE41A7500B60AB2 /* PBXTargetDependency */,
			);
			name = GorillaProgramUITests;
			productName = GorillaProgramUITests;
			productReference = 60834B911CE41A7500B60AB2 /* GorillaProgramUITests.xctest */;
			productType = "com.apple.product-type.bundle.ui-testing";
		};
/* End PBXNativeTarget section */

/* Begin PBXProject section */
		60834B6A1CE41A7500B60AB2 /* Project object */ = {
			isa = PBXProject;
			attributes = {
				LastSwiftUpdateCheck = 0730;
				LastUpgradeCheck = 0730;
				ORGANIZATIONNAME = MeePwn;
				TargetAttributes = {
					60834B711CE41A7500B60AB2 = {
						CreatedOnToolsVersion = 7.3.1;
					};
					60834B851CE41A7500B60AB2 = {
						CreatedOnToolsVersion = 7.3.1;
						TestTargetID = 60834B711CE41A7500B60AB2;
					};
					60834B901CE41A7500B60AB2 = {
						CreatedOnToolsVersion = 7.3.1;
						TestTargetID = 60834B711CE41A7500B60AB2;
					};
				};
			};
			buildConfigurationList = 60834B6D1CE41A7500B60AB2 /* Build configuration list for PBXProject "GorillaProgram" */;
			compatibilityVersion = "Xcode 3.2";
			developmentRegion = English;
			hasScannedForEncodings = 0;
			knownRegions = (
				en,
				Base,
			);
			mainGroup = 60834B691CE41A7500B60AB2;
			productRefGroup = 60834B731CE41A7500B60AB2 /* Products */;
			projectDirPath = "";
			projectRoot = "";
			targets = (
				60834B711CE41A7500B60AB2 /* GorillaProgram */,
				60834B851CE41A7500B60AB2 /* GorillaProgramTests */,
				60834B901CE41A7500B60AB2 /* GorillaProgramUITests */,
			);
		};
/* End PBXProject section */

/* Begin PBXResourcesBuildPhase section */
		60834B701CE41A7500B60AB2 /* Resources */ = {
			isa = PBXResourcesBuildPhase;
			buildActionMask = 2147483647;
			files = (
				608867CB1CE5CA7000B2F55C /* Assets.xcassets in Resources */,
				608867CC1CE5CA7000B2F55C /* LaunchScreen.storyboard in Resources */,
			);
			runOnlyForDeploymentPostprocessing = 0;
		};
		60834B841CE41A7500B60AB2 /* Resources */ = {
			isa = PBXResourcesBuildPhase;
			buildActionMask = 2147483647;
			files = (
			);
			runOnlyForDeploymentPostprocessing = 0;
		};
		60834B8F1CE41A7500B60AB2 /* Resources */ = {
			isa = PBXResourcesBuildPhase;
			buildActionMask = 2147483647;
			files = (
			);
			runOnlyForDeploymentPostprocessing = 0;
		};
/* End PBXResourcesBuildPhase section */

/* Begin PBXShellScriptBuildPhase section */
		7ED781905FFED1974E43A9A6 /* 📦 Embed Pods Frameworks */ = {
			isa = PBXShellScriptBuildPhase;
			buildActionMask = 2147483647;
			files = (
			);
			inputPaths = (
			);
			name = "📦 Embed Pods Frameworks";
			outputPaths = (
			);
			runOnlyForDeploymentPostprocessing = 0;
			shellPath = /bin/sh;
			shellScript = "\"${SRCROOT}/Pods/Target Support Files/Pods-GorillaProgram/Pods-GorillaProgram-frameworks.sh\"\n";
			showEnvVarsInLog = 0;
		};
		911EE7116CA1E1D5A3FD106C /* 📦 Copy Pods Resources */ = {
			isa = PBXShellScriptBuildPhase;
			buildActionMask = 2147483647;
			files = (
			);
			inputPaths = (
			);
			name = "📦 Copy Pods Resources";
			outputPaths = (
			);
			runOnlyForDeploymentPostprocessing = 0;
			shellPath = /bin/sh;
			shellScript = "\"${SRCROOT}/Pods/Target Support Files/Pods-GorillaProgram/Pods-GorillaProgram-resources.sh\"\n";
			showEnvVarsInLog = 0;
		};
		A0D62CB09489E2C48A704D4B /* 📦 Check Pods Manifest.lock */ = {
			isa = PBXShellScriptBuildPhase;
			buildActionMask = 2147483647;
			files = (
			);
			inputPaths = (
			);
			name = "📦 Check Pods Manifest.lock";
			outputPaths = (
			);
			runOnlyForDeploymentPostprocessing = 0;
			shellPath = /bin/sh;
			shellScript = "diff \"${PODS_ROOT}/../Podfile.lock\" \"${PODS_ROOT}/Manifest.lock\" > /dev/null\nif [[ $? != 0 ]] ; then\n    cat << EOM\nerror: The sandbox is not in sync with the Podfile.lock. Run 'pod install' or update your CocoaPods installation.\nEOM\n    exit 1\nfi\n";
			showEnvVarsInLog = 0;
		};
/* End PBXShellScriptBuildPhase section */

/* Begin PBXSourcesBuildPhase section */
		60834B6E1CE41A7500B60AB2 /* Sources */ = {
			isa = PBXSourcesBuildPhase;
			buildActionMask = 2147483647;
			files = (
				603EE31A1CE96DF30092ED3F /* HomeService.swift in Sources */,
				603EE31C1CE96EA20092ED3F /* HomeViewModel.swift in Sources */,
				6013F18F1CE9633A0053F75F /* ModelType.swift in Sources */,
				603EE31E1CE96F810092ED3F /* HomeDataModel.swift in Sources */,
				6013F1831CE9563F0053F75F /* ScreenAdapter.swift in Sources */,
				603EE3181CE96D910092ED3F /* HomeController.swift in Sources */,
				6013F1AF1CE965A90053F75F /* Model.swift in Sources */,
				6013F1B11CE965E00053F75F /* Service.swift in Sources */,
				6013F1BC1CE96ACB0053F75F /* NetworkService.swift in Sources */,
				6013F1AB1CE9653B0053F75F /* ViewModelType.swift in Sources */,
				6013F1AD1CE965840053F75F /* DataModel.swift in Sources */,
				6013F1B71CE969280053F75F /* ViewController.swift in Sources */,
				6013F1871CE95F060053F75F /* UIWindow+Extension.swift in Sources */,
				6013F1BE1CE96AD40053F75F /* NetworkServiceImpl.swift in Sources */,
				6013F1811CE953680053F75F /* Macros.swift in Sources */,
				6013F1891CE95FA80053F75F /* UIColor+Extension.swift in Sources */,
				6013F1B51CE968860053F75F /* NullableValue.swift in Sources */,
				6013F1931CE963D00053F75F /* ServiceType.swift in Sources */,
				603EE3221CE9722C0092ED3F /* TabBarController.swift in Sources */,
				6013F1B31CE967DA0053F75F /* ViewModel.swift in Sources */,
				6013F1911CE963840053F75F /* DataModelType.swift in Sources */,
				603EE3241CE9724E0092ED3F /* NavigationController.swift in Sources */,
				6013F1B91CE969850053F75F /* View.swift in Sources */,
				603EE3201CE971E80092ED3F /* HomeView.swift in Sources */,
				6013F1851CE95C170053F75F /* UIView+Extension.swift in Sources */,
				6088687C1CE5D45600B2F55C /* AppDelegate.swift in Sources */,
			);
			runOnlyForDeploymentPostprocessing = 0;
		};
		60834B821CE41A7500B60AB2 /* Sources */ = {
			isa = PBXSourcesBuildPhase;
			buildActionMask = 2147483647;
			files = (
				60834B8B1CE41A7500B60AB2 /* GorillaProgramTests.swift in Sources */,
			);
			runOnlyForDeploymentPostprocessing = 0;
		};
		60834B8D1CE41A7500B60AB2 /* Sources */ = {
			isa = PBXSourcesBuildPhase;
			buildActionMask = 2147483647;
			files = (
				60834B961CE41A7500B60AB2 /* GorillaProgramUITests.swift in Sources */,
			);
			runOnlyForDeploymentPostprocessing = 0;
		};
/* End PBXSourcesBuildPhase section */

/* Begin PBXTargetDependency section */
		60834B881CE41A7500B60AB2 /* PBXTargetDependency */ = {
			isa = PBXTargetDependency;
			target = 60834B711CE41A7500B60AB2 /* GorillaProgram */;
			targetProxy = 60834B871CE41A7500B60AB2 /* PBXContainerItemProxy */;
		};
		60834B931CE41A7500B60AB2 /* PBXTargetDependency */ = {
			isa = PBXTargetDependency;
			target = 60834B711CE41A7500B60AB2 /* GorillaProgram */;
			targetProxy = 60834B921CE41A7500B60AB2 /* PBXContainerItemProxy */;
		};
/* End PBXTargetDependency section */

/* Begin PBXVariantGroup section */
		608867C71CE5CA7000B2F55C /* LaunchScreen.storyboard */ = {
			isa = PBXVariantGroup;
			children = (
				608867C81CE5CA7000B2F55C /* Base */,
			);
			name = LaunchScreen.storyboard;
			sourceTree = "<group>";
		};
/* End PBXVariantGroup section */

/* Begin XCBuildConfiguration section */
		60834B981CE41A7500B60AB2 /* Debug */ = {
			isa = XCBuildConfiguration;
			buildSettings = {
				ALWAYS_SEARCH_USER_PATHS = NO;
				CLANG_ANALYZER_NONNULL = YES;
				CLANG_CXX_LANGUAGE_STANDARD = "gnu++0x";
				CLANG_CXX_LIBRARY = "libc++";
				CLANG_ENABLE_MODULES = YES;
				CLANG_ENABLE_OBJC_ARC = YES;
				CLANG_WARN_BOOL_CONVERSION = YES;
				CLANG_WARN_CONSTANT_CONVERSION = YES;
				CLANG_WARN_DIRECT_OBJC_ISA_USAGE = YES_ERROR;
				CLANG_WARN_EMPTY_BODY = YES;
				CLANG_WARN_ENUM_CONVERSION = YES;
				CLANG_WARN_INT_CONVERSION = YES;
				CLANG_WARN_OBJC_ROOT_CLASS = YES_ERROR;
				CLANG_WARN_UNREACHABLE_CODE = YES;
				CLANG_WARN__DUPLICATE_METHOD_MATCH = YES;
				"CODE_SIGN_IDENTITY[sdk=iphoneos*]" = "iPhone Developer";
				COPY_PHASE_STRIP = NO;
				DEBUG_INFORMATION_FORMAT = dwarf;
				ENABLE_STRICT_OBJC_MSGSEND = YES;
				ENABLE_TESTABILITY = YES;
				GCC_C_LANGUAGE_STANDARD = gnu99;
				GCC_DYNAMIC_NO_PIC = NO;
				GCC_NO_COMMON_BLOCKS = YES;
				GCC_OPTIMIZATION_LEVEL = 0;
				GCC_PREPROCESSOR_DEFINITIONS = (
					"DEBUG=1",
					"$(inherited)",
				);
				GCC_WARN_64_TO_32_BIT_CONVERSION = YES;
				GCC_WARN_ABOUT_RETURN_TYPE = YES_ERROR;
				GCC_WARN_UNDECLARED_SELECTOR = YES;
				GCC_WARN_UNINITIALIZED_AUTOS = YES_AGGRESSIVE;
				GCC_WARN_UNUSED_FUNCTION = YES;
				GCC_WARN_UNUSED_VARIABLE = YES;
				IPHONEOS_DEPLOYMENT_TARGET = 9.3;
				MTL_ENABLE_DEBUG_INFO = YES;
				ONLY_ACTIVE_ARCH = YES;
				SDKROOT = iphoneos;
				SWIFT_OPTIMIZATION_LEVEL = "-Onone";
			};
			name = Debug;
		};
		60834B991CE41A7500B60AB2 /* Release */ = {
			isa = XCBuildConfiguration;
			buildSettings = {
				ALWAYS_SEARCH_USER_PATHS = NO;
				CLANG_ANALYZER_NONNULL = YES;
				CLANG_CXX_LANGUAGE_STANDARD = "gnu++0x";
				CLANG_CXX_LIBRARY = "libc++";
				CLANG_ENABLE_MODULES = YES;
				CLANG_ENABLE_OBJC_ARC = YES;
				CLANG_WARN_BOOL_CONVERSION = YES;
				CLANG_WARN_CONSTANT_CONVERSION = YES;
				CLANG_WARN_DIRECT_OBJC_ISA_USAGE = YES_ERROR;
				CLANG_WARN_EMPTY_BODY = YES;
				CLANG_WARN_ENUM_CONVERSION = YES;
				CLANG_WARN_INT_CONVERSION = YES;
				CLANG_WARN_OBJC_ROOT_CLASS = YES_ERROR;
				CLANG_WARN_UNREACHABLE_CODE = YES;
				CLANG_WARN__DUPLICATE_METHOD_MATCH = YES;
				"CODE_SIGN_IDENTITY[sdk=iphoneos*]" = "iPhone Developer";
				COPY_PHASE_STRIP = NO;
				DEBUG_INFORMATION_FORMAT = "dwarf-with-dsym";
				ENABLE_NS_ASSERTIONS = NO;
				ENABLE_STRICT_OBJC_MSGSEND = YES;
				GCC_C_LANGUAGE_STANDARD = gnu99;
				GCC_NO_COMMON_BLOCKS = YES;
				GCC_WARN_64_TO_32_BIT_CONVERSION = YES;
				GCC_WARN_ABOUT_RETURN_TYPE = YES_ERROR;
				GCC_WARN_UNDECLARED_SELECTOR = YES;
				GCC_WARN_UNINITIALIZED_AUTOS = YES_AGGRESSIVE;
				GCC_WARN_UNUSED_FUNCTION = YES;
				GCC_WARN_UNUSED_VARIABLE = YES;
				IPHONEOS_DEPLOYMENT_TARGET = 9.3;
				MTL_ENABLE_DEBUG_INFO = NO;
				SDKROOT = iphoneos;
				VALIDATE_PRODUCT = YES;
			};
			name = Release;
		};
		60834B9B1CE41A7500B60AB2 /* Debug */ = {
			isa = XCBuildConfiguration;
			baseConfigurationReference = 5637F5346A193DDA3AC087CD /* Pods-GorillaProgram.debug.xcconfig */;
			buildSettings = {
				ASSETCATALOG_COMPILER_APPICON_NAME = AppIcon;
				INFOPLIST_FILE = GorillaProgram/Info.plist;
				LD_RUNPATH_SEARCH_PATHS = "$(inherited) @executable_path/Frameworks";
				PRODUCT_BUNDLE_IDENTIFIER = com.developer.GorillaProgram;
				PRODUCT_NAME = "$(TARGET_NAME)";
			};
			name = Debug;
		};
		60834B9C1CE41A7500B60AB2 /* Release */ = {
			isa = XCBuildConfiguration;
			baseConfigurationReference = 8BBB65F0B8DE1FC2F7F96F07 /* Pods-GorillaProgram.release.xcconfig */;
			buildSettings = {
				ASSETCATALOG_COMPILER_APPICON_NAME = AppIcon;
				INFOPLIST_FILE = GorillaProgram/Info.plist;
				LD_RUNPATH_SEARCH_PATHS = "$(inherited) @executable_path/Frameworks";
				PRODUCT_BUNDLE_IDENTIFIER = com.developer.GorillaProgram;
				PRODUCT_NAME = "$(TARGET_NAME)";
			};
			name = Release;
		};
		60834B9E1CE41A7500B60AB2 /* Debug */ = {
			isa = XCBuildConfiguration;
			buildSettings = {
				BUNDLE_LOADER = "$(TEST_HOST)";
				INFOPLIST_FILE = GorillaProgramTests/Info.plist;
				LD_RUNPATH_SEARCH_PATHS = "$(inherited) @executable_path/Frameworks @loader_path/Frameworks";
				PRODUCT_BUNDLE_IDENTIFIER = com.developer.GorillaProgramTests;
				PRODUCT_NAME = "$(TARGET_NAME)";
				TEST_HOST = "$(BUILT_PRODUCTS_DIR)/GorillaProgram.app/GorillaProgram";
			};
			name = Debug;
		};
		60834B9F1CE41A7500B60AB2 /* Release */ = {
			isa = XCBuildConfiguration;
			buildSettings = {
				BUNDLE_LOADER = "$(TEST_HOST)";
				INFOPLIST_FILE = GorillaProgramTests/Info.plist;
				LD_RUNPATH_SEARCH_PATHS = "$(inherited) @executable_path/Frameworks @loader_path/Frameworks";
				PRODUCT_BUNDLE_IDENTIFIER = com.developer.GorillaProgramTests;
				PRODUCT_NAME = "$(TARGET_NAME)";
				TEST_HOST = "$(BUILT_PRODUCTS_DIR)/GorillaProgram.app/GorillaProgram";
			};
			name = Release;
		};
		60834BA11CE41A7500B60AB2 /* Debug */ = {
			isa = XCBuildConfiguration;
			buildSettings = {
				INFOPLIST_FILE = GorillaProgramUITests/Info.plist;
				LD_RUNPATH_SEARCH_PATHS = "$(inherited) @executable_path/Frameworks @loader_path/Frameworks";
				PRODUCT_BUNDLE_IDENTIFIER = com.developer.GorillaProgramUITests;
				PRODUCT_NAME = "$(TARGET_NAME)";
				TEST_TARGET_NAME = GorillaProgram;
			};
			name = Debug;
		};
		60834BA21CE41A7500B60AB2 /* Release */ = {
			isa = XCBuildConfiguration;
			buildSettings = {
				INFOPLIST_FILE = GorillaProgramUITests/Info.plist;
				LD_RUNPATH_SEARCH_PATHS = "$(inherited) @executable_path/Frameworks @loader_path/Frameworks";
				PRODUCT_BUNDLE_IDENTIFIER = com.developer.GorillaProgramUITests;
				PRODUCT_NAME = "$(TARGET_NAME)";
				TEST_TARGET_NAME = GorillaProgram;
			};
			name = Release;
		};
/* End XCBuildConfiguration section */

/* Begin XCConfigurationList section */
		60834B6D1CE41A7500B60AB2 /* Build configuration list for PBXProject "GorillaProgram" */ = {
			isa = XCConfigurationList;
			buildConfigurations = (
				60834B981CE41A7500B60AB2 /* Debug */,
				60834B991CE41A7500B60AB2 /* Release */,
			);
			defaultConfigurationIsVisible = 0;
			defaultConfigurationName = Release;
		};
		60834B9A1CE41A7500B60AB2 /* Build configuration list for PBXNativeTarget "GorillaProgram" */ = {
			isa = XCConfigurationList;
			buildConfigurations = (
				60834B9B1CE41A7500B60AB2 /* Debug */,
				60834B9C1CE41A7500B60AB2 /* Release */,
			);
			defaultConfigurationIsVisible = 0;
			defaultConfigurationName = Release;
		};
		60834B9D1CE41A7500B60AB2 /* Build configuration list for PBXNativeTarget "GorillaProgramTests" */ = {
			isa = XCConfigurationList;
			buildConfigurations = (
				60834B9E1CE41A7500B60AB2 /* Debug */,
				60834B9F1CE41A7500B60AB2 /* Release */,
			);
			defaultConfigurationIsVisible = 0;
			defaultConfigurationName = Release;
		};
		60834BA01CE41A7500B60AB2 /* Build configuration list for PBXNativeTarget "GorillaProgramUITests" */ = {
			isa = XCConfigurationList;
			buildConfigurations = (
				60834BA11CE41A7500B60AB2 /* Debug */,
				60834BA21CE41A7500B60AB2 /* Release */,
			);
			defaultConfigurationIsVisible = 0;
			defaultConfigurationName = Release;
		};
/* End XCConfigurationList section */
	};
	rootObject = 60834B6A1CE41A7500B60AB2 /* Project object */;
}
